
Microsoft Visual Studio Solution File, Format Version 12.00
# Visual Studio 15
VisualStudioVersion = 15.0.27703.2026
MinimumVisualStudioVersion = 10.0.40219.1
Project("{FAE04EC0-301F-11D3-BF4B-00C04F79EFBC}") = "FirstApp", "FirstApp\FirstApp.csproj", "{C0B195F9-14EA-4988-BAA3-BCD3D43E1D07}"
EndProject
Global
	GlobalSection(SolutionConfigurationPlatforms) = preSolution
		Debug|Any CPU = Debug|Any CPU
		Release|Any CPU = Release|Any CPU
	EndGlobalSection
	GlobalSection(ProjectConfigurationPlatforms) = postSolution
		{C0B195F9-14EA-4988-BAA3-BCD3D43E1D07}.Debug|Any CPU.ActiveCfg = Debug|Any CPU
		{C0B195F9-14EA-4988-BAA3-BCD3D43E1D07}.Debug|Any CPU.Build.0 = Debug|Any CPU
		{C0B195F9-14EA-4988-BAA3-BCD3D43E1D07}.Release|Any CPU.ActiveCfg = Release|Any CPU
		{C0B195F9-14EA-4988-BAA3-BCD3D43E1D07}.Release|Any CPU.Build.0 = Release|Any CPU
	EndGlobalSection
	GlobalSection(SolutionProperties) = preSolution
		HideSolutionNode = FALSE
	EndGlobalSection
	GlobalSection(ExtensibilityGlobals) = postSolution
		SolutionGuid = {C9EF4E9C-3DCE-4902-86E0-B04F3BD61662}
	EndGlobalSection
EndGlobal
